// !$*UTF8*$!
{
	archiveVersion = 1;
	classes = {
	};
	objectVersion = 46;
	objects = {

/* Begin PBXBuildFile section */
		33216C021C8361C300F249B1 /* AppDelegate.swift in Sources */ = {isa = PBXBuildFile; fileRef = 33216C011C8361C300F249B1 /* AppDelegate.swift */; };
		33216C041C8361C300F249B1 /* LoginViewController.swift in Sources */ = {isa = PBXBuildFile; fileRef = 33216C031C8361C300F249B1 /* LoginViewController.swift */; };
		33216C071C8361C300F249B1 /* Main.storyboard in Resources */ = {isa = PBXBuildFile; fileRef = 33216C051C8361C300F249B1 /* Main.storyboard */; };
		33216C0A1C8361C300F249B1 /* SnapMap.xcdatamodeld in Sources */ = {isa = PBXBuildFile; fileRef = 33216C081C8361C300F249B1 /* SnapMap.xcdatamodeld */; };
		33216C0C1C8361C300F249B1 /* Assets.xcassets in Resources */ = {isa = PBXBuildFile; fileRef = 33216C0B1C8361C300F249B1 /* Assets.xcassets */; };
		33216C0F1C8361C300F249B1 /* LaunchScreen.storyboard in Resources */ = {isa = PBXBuildFile; fileRef = 33216C0D1C8361C300F249B1 /* LaunchScreen.storyboard */; };
		3323B2031CB43D4F00FF3A97 /* Post.swift in Sources */ = {isa = PBXBuildFile; fileRef = 3323B2021CB43D4F00FF3A97 /* Post.swift */; };
		3323B2051CB4844700FF3A97 /* SnapMapNotificationCenterConstants.swift in Sources */ = {isa = PBXBuildFile; fileRef = 3323B2041CB4844700FF3A97 /* SnapMapNotificationCenterConstants.swift */; };
		333574CD1CB57C77007F6AC2 /* Camera.png in Resources */ = {isa = PBXBuildFile; fileRef = 333574CC1CB57C77007F6AC2 /* Camera.png */; };
		333574D11CB5900D007F6AC2 /* CameraViewController.swift in Sources */ = {isa = PBXBuildFile; fileRef = 333574D01CB5900D007F6AC2 /* CameraViewController.swift */; };
		333574D31CB59097007F6AC2 /* FBSDKShareKit.framework in Frameworks */ = {isa = PBXBuildFile; fileRef = 333574D21CB59097007F6AC2 /* FBSDKShareKit.framework */; };
		333574D51CB5DF84007F6AC2 /* iMessageIcon.png in Resources */ = {isa = PBXBuildFile; fileRef = 333574D41CB5DF84007F6AC2 /* iMessageIcon.png */; };
		337D04C61CCEF597008C7822 /* AnnotationViewController.swift in Sources */ = {isa = PBXBuildFile; fileRef = 337D04C51CCEF597008C7822 /* AnnotationViewController.swift */; };
		337D04CA1CD04622008C7822 /* WhiteTexture.jpg in Resources */ = {isa = PBXBuildFile; fileRef = 337D04C91CD04622008C7822 /* WhiteTexture.jpg */; };
		337D04CE1CD16C1D008C7822 /* GrayTexture.png in Resources */ = {isa = PBXBuildFile; fileRef = 337D04CD1CD16C1D008C7822 /* GrayTexture.png */; };
		338AC1A11CA1EB3800170CF6 /* FBSDKCoreKit.framework in Frameworks */ = {isa = PBXBuildFile; fileRef = 338AC1A01CA1EB3800170CF6 /* FBSDKCoreKit.framework */; };
		338AC1A51CA1EB5800170CF6 /* Bolts.framework in Frameworks */ = {isa = PBXBuildFile; fileRef = 338AC1A41CA1EB5800170CF6 /* Bolts.framework */; };
		338AC1A91CA1EBC300170CF6 /* FBSDKLoginKit.framework in Frameworks */ = {isa = PBXBuildFile; fileRef = 338AC1A81CA1EBC300170CF6 /* FBSDKLoginKit.framework */; };
		338AC1B31CA22EB400170CF6 /* MapViewController.swift in Sources */ = {isa = PBXBuildFile; fileRef = 338AC1B21CA22EB400170CF6 /* MapViewController.swift */; };
		338AC1C01CA23C9F00170CF6 /* Images.xcassets in Resources */ = {isa = PBXBuildFile; fileRef = 338AC1BF1CA23C9F00170CF6 /* Images.xcassets */; };
		338AC1C41CA2454500170CF6 /* TabBarViewController.swift in Sources */ = {isa = PBXBuildFile; fileRef = 338AC1C31CA2454500170CF6 /* TabBarViewController.swift */; };
		338AC1C61CA3619B00170CF6 /* CityNight.jpg in Resources */ = {isa = PBXBuildFile; fileRef = 338AC1C51CA3619B00170CF6 /* CityNight.jpg */; };
		33DCFE521CB840D200ACDAEA /* GuestLoginButton.png in Resources */ = {isa = PBXBuildFile; fileRef = 33DCFE511CB840D200ACDAEA /* GuestLoginButton.png */; };
		33DCFE581CB8611200ACDAEA /* FacebookShareButton.png in Resources */ = {isa = PBXBuildFile; fileRef = 33DCFE541CB8611200ACDAEA /* FacebookShareButton.png */; };
		33DCFE591CB8611200ACDAEA /* SnapMapIcon120.png in Resources */ = {isa = PBXBuildFile; fileRef = 33DCFE551CB8611200ACDAEA /* SnapMapIcon120.png */; };
		33DCFE5A1CB8611200ACDAEA /* SnapMapIcon180.png in Resources */ = {isa = PBXBuildFile; fileRef = 33DCFE561CB8611200ACDAEA /* SnapMapIcon180.png */; };
		33DCFE5C1CB8659D00ACDAEA /* LoginBackground2.jpg in Resources */ = {isa = PBXBuildFile; fileRef = 33DCFE5B1CB8659D00ACDAEA /* LoginBackground2.jpg */; };
		33DCFE5E1CB8674900ACDAEA /* BlackGradiant.jpg in Resources */ = {isa = PBXBuildFile; fileRef = 33DCFE5D1CB8674900ACDAEA /* BlackGradiant.jpg */; };
		33DCFE601CB8688300ACDAEA /* BlackCanvasTexture.jpg in Resources */ = {isa = PBXBuildFile; fileRef = 33DCFE5F1CB8688300ACDAEA /* BlackCanvasTexture.jpg */; };
		33DCFE621CB86BB400ACDAEA /* BlackMetal.jpg in Resources */ = {isa = PBXBuildFile; fileRef = 33DCFE611CB86BB400ACDAEA /* BlackMetal.jpg */; };
		33DCFE641CB8966F00ACDAEA /* SnapMapTitle.jpg in Resources */ = {isa = PBXBuildFile; fileRef = 33DCFE631CB8966F00ACDAEA /* SnapMapTitle.jpg */; };
		DC85945C1CA1BFDC00AD106B /* LoginBackground.jpg in Resources */ = {isa = PBXBuildFile; fileRef = DC85945B1CA1BFDC00AD106B /* LoginBackground.jpg */; };
		DCBAABE11CA3175800560A92 /* SettingsViewController.swift in Sources */ = {isa = PBXBuildFile; fileRef = DCBAABE01CA3175800560A92 /* SettingsViewController.swift */; };
/* End PBXBuildFile section */

/* Begin PBXFileReference section */
		33216BFE1C8361C300F249B1 /* SnapMap.app */ = {isa = PBXFileReference; explicitFileType = wrapper.application; includeInIndex = 0; path = SnapMap.app; sourceTree = BUILT_PRODUCTS_DIR; };
		33216C011C8361C300F249B1 /* AppDelegate.swift */ = {isa = PBXFileReference; lastKnownFileType = sourcecode.swift; path = AppDelegate.swift; sourceTree = "<group>"; };
		33216C031C8361C300F249B1 /* LoginViewController.swift */ = {isa = PBXFileReference; lastKnownFileType = sourcecode.swift; path = LoginViewController.swift; sourceTree = "<group>"; };
		33216C061C8361C300F249B1 /* Base */ = {isa = PBXFileReference; lastKnownFileType = file.storyboard; name = Base; path = Base.lproj/Main.storyboard; sourceTree = "<group>"; };
		33216C091C8361C300F249B1 /* SnapMap.xcdatamodel */ = {isa = PBXFileReference; lastKnownFileType = wrapper.xcdatamodel; path = SnapMap.xcdatamodel; sourceTree = "<group>"; };
		33216C0B1C8361C300F249B1 /* Assets.xcassets */ = {isa = PBXFileReference; lastKnownFileType = folder.assetcatalog; path = Assets.xcassets; sourceTree = "<group>"; };
		33216C0E1C8361C300F249B1 /* Base */ = {isa = PBXFileReference; lastKnownFileType = file.storyboard; name = Base; path = Base.lproj/LaunchScreen.storyboard; sourceTree = "<group>"; };
		33216C101C8361C300F249B1 /* Info.plist */ = {isa = PBXFileReference; lastKnownFileType = text.plist.xml; path = Info.plist; sourceTree = "<group>"; };
		3323B2021CB43D4F00FF3A97 /* Post.swift */ = {isa = PBXFileReference; fileEncoding = 4; lastKnownFileType = sourcecode.swift; path = Post.swift; sourceTree = "<group>"; };
		3323B2041CB4844700FF3A97 /* SnapMapNotificationCenterConstants.swift */ = {isa = PBXFileReference; fileEncoding = 4; lastKnownFileType = sourcecode.swift; path = SnapMapNotificationCenterConstants.swift; sourceTree = "<group>"; };
		333574CC1CB57C77007F6AC2 /* Camera.png */ = {isa = PBXFileReference; lastKnownFileType = image.png; path = Camera.png; sourceTree = "<group>"; };
		333574D01CB5900D007F6AC2 /* CameraViewController.swift */ = {isa = PBXFileReference; fileEncoding = 4; lastKnownFileType = sourcecode.swift; path = CameraViewController.swift; sourceTree = "<group>"; };
		333574D21CB59097007F6AC2 /* FBSDKShareKit.framework */ = {isa = PBXFileReference; lastKnownFileType = wrapper.framework; name = FBSDKShareKit.framework; path = "FacebookSDKs-iOS-20163016/FBSDKShareKit.framework"; sourceTree = "<group>"; };
		333574D41CB5DF84007F6AC2 /* iMessageIcon.png */ = {isa = PBXFileReference; lastKnownFileType = image.png; path = iMessageIcon.png; sourceTree = "<group>"; };
		337D04C51CCEF597008C7822 /* AnnotationViewController.swift */ = {isa = PBXFileReference; fileEncoding = 4; lastKnownFileType = sourcecode.swift; path = AnnotationViewController.swift; sourceTree = "<group>"; };
		337D04C91CD04622008C7822 /* WhiteTexture.jpg */ = {isa = PBXFileReference; lastKnownFileType = image.jpeg; path = WhiteTexture.jpg; sourceTree = "<group>"; };
		337D04CD1CD16C1D008C7822 /* GrayTexture.png */ = {isa = PBXFileReference; lastKnownFileType = image.png; path = GrayTexture.png; sourceTree = "<group>"; };
		338AC1A01CA1EB3800170CF6 /* FBSDKCoreKit.framework */ = {isa = PBXFileReference; lastKnownFileType = wrapper.framework; name = FBSDKCoreKit.framework; path = "FacebookSDKs-iOS-20163016/FBSDKCoreKit.framework"; sourceTree = "<group>"; };
		338AC1A41CA1EB5800170CF6 /* Bolts.framework */ = {isa = PBXFileReference; lastKnownFileType = wrapper.framework; name = Bolts.framework; path = "FacebookSDKs-iOS-20163016/Bolts.framework"; sourceTree = "<group>"; };
		338AC1A81CA1EBC300170CF6 /* FBSDKLoginKit.framework */ = {isa = PBXFileReference; lastKnownFileType = wrapper.framework; name = FBSDKLoginKit.framework; path = "FacebookSDKs-iOS-20163016/FBSDKLoginKit.framework"; sourceTree = "<group>"; };
		338AC1B21CA22EB400170CF6 /* MapViewController.swift */ = {isa = PBXFileReference; fileEncoding = 4; lastKnownFileType = sourcecode.swift; path = MapViewController.swift; sourceTree = "<group>"; };
		338AC1BF1CA23C9F00170CF6 /* Images.xcassets */ = {isa = PBXFileReference; lastKnownFileType = folder.assetcatalog; path = Images.xcassets; sourceTree = "<group>"; };
		338AC1C31CA2454500170CF6 /* TabBarViewController.swift */ = {isa = PBXFileReference; fileEncoding = 4; lastKnownFileType = sourcecode.swift; path = TabBarViewController.swift; sourceTree = "<group>"; };
		338AC1C51CA3619B00170CF6 /* CityNight.jpg */ = {isa = PBXFileReference; lastKnownFileType = image.jpeg; path = CityNight.jpg; sourceTree = "<group>"; };
		33DCFE511CB840D200ACDAEA /* GuestLoginButton.png */ = {isa = PBXFileReference; lastKnownFileType = image.png; path = GuestLoginButton.png; sourceTree = "<group>"; };
		33DCFE541CB8611200ACDAEA /* FacebookShareButton.png */ = {isa = PBXFileReference; lastKnownFileType = image.png; path = FacebookShareButton.png; sourceTree = "<group>"; };
		33DCFE551CB8611200ACDAEA /* SnapMapIcon120.png */ = {isa = PBXFileReference; lastKnownFileType = image.png; path = SnapMapIcon120.png; sourceTree = "<group>"; };
		33DCFE561CB8611200ACDAEA /* SnapMapIcon180.png */ = {isa = PBXFileReference; lastKnownFileType = image.png; path = SnapMapIcon180.png; sourceTree = "<group>"; };
		33DCFE5B1CB8659D00ACDAEA /* LoginBackground2.jpg */ = {isa = PBXFileReference; lastKnownFileType = image.jpeg; path = LoginBackground2.jpg; sourceTree = "<group>"; };
		33DCFE5D1CB8674900ACDAEA /* BlackGradiant.jpg */ = {isa = PBXFileReference; lastKnownFileType = image.jpeg; path = BlackGradiant.jpg; sourceTree = "<group>"; };
		33DCFE5F1CB8688300ACDAEA /* BlackCanvasTexture.jpg */ = {isa = PBXFileReference; lastKnownFileType = image.jpeg; path = BlackCanvasTexture.jpg; sourceTree = "<group>"; };
		33DCFE611CB86BB400ACDAEA /* BlackMetal.jpg */ = {isa = PBXFileReference; lastKnownFileType = image.jpeg; path = BlackMetal.jpg; sourceTree = "<group>"; };
		33DCFE631CB8966F00ACDAEA /* SnapMapTitle.jpg */ = {isa = PBXFileReference; lastKnownFileType = image.jpeg; path = SnapMapTitle.jpg; sourceTree = "<group>"; };
		DC85945B1CA1BFDC00AD106B /* LoginBackground.jpg */ = {isa = PBXFileReference; lastKnownFileType = image.jpeg; path = LoginBackground.jpg; sourceTree = "<group>"; };
		DC8899B41CA0784200EEAC2E /* Bridging-header.h */ = {isa = PBXFileReference; lastKnownFileType = sourcecode.c.h; path = "Bridging-header.h"; sourceTree = "<group>"; };
		DCBAABE01CA3175800560A92 /* SettingsViewController.swift */ = {isa = PBXFileReference; fileEncoding = 4; lastKnownFileType = sourcecode.swift; path = SettingsViewController.swift; sourceTree = "<group>"; };
/* End PBXFileReference section */

/* Begin PBXFrameworksBuildPhase section */
		33216BFB1C8361C300F249B1 /* Frameworks */ = {
			isa = PBXFrameworksBuildPhase;
			buildActionMask = 2147483647;
			files = (
				333574D31CB59097007F6AC2 /* FBSDKShareKit.framework in Frameworks */,
				338AC1A11CA1EB3800170CF6 /* FBSDKCoreKit.framework in Frameworks */,
				338AC1A91CA1EBC300170CF6 /* FBSDKLoginKit.framework in Frameworks */,
				338AC1A51CA1EB5800170CF6 /* Bolts.framework in Frameworks */,
			);
			runOnlyForDeploymentPostprocessing = 0;
		};
/* End PBXFrameworksBuildPhase section */

/* Begin PBXGroup section */
		33216BF51C8361C300F249B1 = {
			isa = PBXGroup;
			children = (
				33216C001C8361C300F249B1 /* SnapMap */,
				33216BFF1C8361C300F249B1 /* Products */,
			);
			sourceTree = "<group>";
		};
		33216BFF1C8361C300F249B1 /* Products */ = {
			isa = PBXGroup;
			children = (
				33216BFE1C8361C300F249B1 /* SnapMap.app */,
			);
			name = Products;
			sourceTree = "<group>";
		};
		33216C001C8361C300F249B1 /* SnapMap */ = {
			isa = PBXGroup;
			children = (
				DC8899B11CA0750900EEAC2E /* Frameworks */,
				DC8899B41CA0784200EEAC2E /* Bridging-header.h */,
				33216C011C8361C300F249B1 /* AppDelegate.swift */,
				33216C031C8361C300F249B1 /* LoginViewController.swift */,
				338AC1C31CA2454500170CF6 /* TabBarViewController.swift */,
				338AC1B21CA22EB400170CF6 /* MapViewController.swift */,
				337D04C51CCEF597008C7822 /* AnnotationViewController.swift */,
				DCBAABE01CA3175800560A92 /* SettingsViewController.swift */,
				333574D01CB5900D007F6AC2 /* CameraViewController.swift */,
				3323B2021CB43D4F00FF3A97 /* Post.swift */,
				3323B2041CB4844700FF3A97 /* SnapMapNotificationCenterConstants.swift */,
				33216C051C8361C300F249B1 /* Main.storyboard */,
				33216C0D1C8361C300F249B1 /* LaunchScreen.storyboard */,
				33216C0B1C8361C300F249B1 /* Assets.xcassets */,
				338AC1BF1CA23C9F00170CF6 /* Images.xcassets */,
				33216C101C8361C300F249B1 /* Info.plist */,
				33216C081C8361C300F249B1 /* SnapMap.xcdatamodeld */,
				DC85945B1CA1BFDC00AD106B /* LoginBackground.jpg */,
				33DCFE5B1CB8659D00ACDAEA /* LoginBackground2.jpg */,
				338AC1C51CA3619B00170CF6 /* CityNight.jpg */,
				333574CC1CB57C77007F6AC2 /* Camera.png */,
				333574D41CB5DF84007F6AC2 /* iMessageIcon.png */,
				33DCFE511CB840D200ACDAEA /* GuestLoginButton.png */,
				33DCFE541CB8611200ACDAEA /* FacebookShareButton.png */,
				33DCFE631CB8966F00ACDAEA /* SnapMapTitle.jpg */,
				33DCFE551CB8611200ACDAEA /* SnapMapIcon120.png */,
				33DCFE561CB8611200ACDAEA /* SnapMapIcon180.png */,
				33DCFE5F1CB8688300ACDAEA /* BlackCanvasTexture.jpg */,
				33DCFE611CB86BB400ACDAEA /* BlackMetal.jpg */,
				33DCFE5D1CB8674900ACDAEA /* BlackGradiant.jpg */,
				337D04CD1CD16C1D008C7822 /* GrayTexture.png */,
				337D04C91CD04622008C7822 /* WhiteTexture.jpg */,
			);
			path = SnapMap;
			sourceTree = "<group>";
		};
		DC8899B11CA0750900EEAC2E /* Frameworks */ = {
			isa = PBXGroup;
			children = (
				333574D21CB59097007F6AC2 /* FBSDKShareKit.framework */,
				338AC1A41CA1EB5800170CF6 /* Bolts.framework */,
				338AC1A01CA1EB3800170CF6 /* FBSDKCoreKit.framework */,
				338AC1A81CA1EBC300170CF6 /* FBSDKLoginKit.framework */,
			);
			name = Frameworks;
			path = ..;
			sourceTree = "<group>";
		};
/* End PBXGroup section */

/* Begin PBXNativeTarget section */
		33216BFD1C8361C300F249B1 /* SnapMap */ = {
			isa = PBXNativeTarget;
			buildConfigurationList = 33216C131C8361C300F249B1 /* Build configuration list for PBXNativeTarget "SnapMap" */;
			buildPhases = (
				33216BFA1C8361C300F249B1 /* Sources */,
				33216BFB1C8361C300F249B1 /* Frameworks */,
				33216BFC1C8361C300F249B1 /* Resources */,
			);
			buildRules = (
			);
			dependencies = (
			);
			name = SnapMap;
			productName = SnapMap;
			productReference = 33216BFE1C8361C300F249B1 /* SnapMap.app */;
			productType = "com.apple.product-type.application";
		};
/* End PBXNativeTarget section */

/* Begin PBXProject section */
		33216BF61C8361C300F249B1 /* Project object */ = {
			isa = PBXProject;
			attributes = {
				LastSwiftUpdateCheck = 0720;
				LastUpgradeCheck = 0720;
				ORGANIZATIONNAME = cs378;
				TargetAttributes = {
					33216BFD1C8361C300F249B1 = {
						CreatedOnToolsVersion = 7.2;
						DevelopmentTeam = 3B345RT359;
					};
				};
			};
			buildConfigurationList = 33216BF91C8361C300F249B1 /* Build configuration list for PBXProject "SnapMap" */;
			compatibilityVersion = "Xcode 3.2";
			developmentRegion = English;
			hasScannedForEncodings = 0;
			knownRegions = (
				en,
				Base,
			);
			mainGroup = 33216BF51C8361C300F249B1;
			productRefGroup = 33216BFF1C8361C300F249B1 /* Products */;
			projectDirPath = "";
			projectRoot = "";
			targets = (
				33216BFD1C8361C300F249B1 /* SnapMap */,
			);
		};
/* End PBXProject section */

/* Begin PBXResourcesBuildPhase section */
		33216BFC1C8361C300F249B1 /* Resources */ = {
			isa = PBXResourcesBuildPhase;
			buildActionMask = 2147483647;
			files = (
				338AC1C01CA23C9F00170CF6 /* Images.xcassets in Resources */,
				33216C0F1C8361C300F249B1 /* LaunchScreen.storyboard in Resources */,
				338AC1C61CA3619B00170CF6 /* CityNight.jpg in Resources */,
				33DCFE5C1CB8659D00ACDAEA /* LoginBackground2.jpg in Resources */,
				33DCFE641CB8966F00ACDAEA /* SnapMapTitle.jpg in Resources */,
				337D04CA1CD04622008C7822 /* WhiteTexture.jpg in Resources */,
				33DCFE5E1CB8674900ACDAEA /* BlackGradiant.jpg in Resources */,
				DC85945C1CA1BFDC00AD106B /* LoginBackground.jpg in Resources */,
				333574D51CB5DF84007F6AC2 /* iMessageIcon.png in Resources */,
				337D04CE1CD16C1D008C7822 /* GrayTexture.png in Resources */,
				33DCFE5A1CB8611200ACDAEA /* SnapMapIcon180.png in Resources */,
				33216C0C1C8361C300F249B1 /* Assets.xcassets in Resources */,
				333574CD1CB57C77007F6AC2 /* Camera.png in Resources */,
				33DCFE621CB86BB400ACDAEA /* BlackMetal.jpg in Resources */,
				33DCFE521CB840D200ACDAEA /* GuestLoginButton.png in Resources */,
				33216C071C8361C300F249B1 /* Main.storyboard in Resources */,
				33DCFE591CB8611200ACDAEA /* SnapMapIcon120.png in Resources */,
				33DCFE581CB8611200ACDAEA /* FacebookShareButton.png in Resources */,
				33DCFE601CB8688300ACDAEA /* BlackCanvasTexture.jpg in Resources */,
			);
			runOnlyForDeploymentPostprocessing = 0;
		};
/* End PBXResourcesBuildPhase section */

/* Begin PBXSourcesBuildPhase section */
		33216BFA1C8361C300F249B1 /* Sources */ = {
			isa = PBXSourcesBuildPhase;
			buildActionMask = 2147483647;
			files = (
				3323B2051CB4844700FF3A97 /* SnapMapNotificationCenterConstants.swift in Sources */,
				33216C041C8361C300F249B1 /* LoginViewController.swift in Sources */,
				33216C021C8361C300F249B1 /* AppDelegate.swift in Sources */,
				DCBAABE11CA3175800560A92 /* SettingsViewController.swift in Sources */,
				33216C0A1C8361C300F249B1 /* SnapMap.xcdatamodeld in Sources */,
				338AC1C41CA2454500170CF6 /* TabBarViewController.swift in Sources */,
				3323B2031CB43D4F00FF3A97 /* Post.swift in Sources */,
				337D04C61CCEF597008C7822 /* AnnotationViewController.swift in Sources */,
				338AC1B31CA22EB400170CF6 /* MapViewController.swift in Sources */,
				333574D11CB5900D007F6AC2 /* CameraViewController.swift in Sources */,
			);
			runOnlyForDeploymentPostprocessing = 0;
		};
/* End PBXSourcesBuildPhase section */

/* Begin PBXVariantGroup section */
		33216C051C8361C300F249B1 /* Main.storyboard */ = {
			isa = PBXVariantGroup;
			children = (
				33216C061C8361C300F249B1 /* Base */,
			);
			name = Main.storyboard;
			sourceTree = "<group>";
		};
		33216C0D1C8361C300F249B1 /* LaunchScreen.storyboard */ = {
			isa = PBXVariantGroup;
			children = (
				33216C0E1C8361C300F249B1 /* Base */,
			);
			name = LaunchScreen.storyboard;
			sourceTree = "<group>";
		};
/* End PBXVariantGroup section */

/* Begin XCBuildConfiguration section */
		33216C111C8361C300F249B1 /* Debug */ = {
			isa = XCBuildConfiguration;
			buildSettings = {
				ALWAYS_SEARCH_USER_PATHS = NO;
				CLANG_CXX_LANGUAGE_STANDARD = "gnu++0x";
				CLANG_CXX_LIBRARY = "libc++";
				CLANG_ENABLE_MODULES = YES;
				CLANG_ENABLE_OBJC_ARC = YES;
				CLANG_WARN_BOOL_CONVERSION = YES;
				CLANG_WARN_CONSTANT_CONVERSION = YES;
				CLANG_WARN_DIRECT_OBJC_ISA_USAGE = YES_ERROR;
				CLANG_WARN_EMPTY_BODY = YES;
				CLANG_WARN_ENUM_CONVERSION = YES;
				CLANG_WARN_INT_CONVERSION = YES;
				CLANG_WARN_OBJC_ROOT_CLASS = YES_ERROR;
				CLANG_WARN_UNREACHABLE_CODE = YES;
				CLANG_WARN__DUPLICATE_METHOD_MATCH = YES;
				"CODE_SIGN_IDENTITY[sdk=iphoneos*]" = "iPhone Developer";
				COPY_PHASE_STRIP = NO;
				DEBUG_INFORMATION_FORMAT = dwarf;
				ENABLE_STRICT_OBJC_MSGSEND = YES;
				ENABLE_TESTABILITY = YES;
				GCC_C_LANGUAGE_STANDARD = gnu99;
				GCC_DYNAMIC_NO_PIC = NO;
				GCC_NO_COMMON_BLOCKS = YES;
				GCC_OPTIMIZATION_LEVEL = 0;
				GCC_PREPROCESSOR_DEFINITIONS = (
					"DEBUG=1",
					"$(inherited)",
				);
				GCC_WARN_64_TO_32_BIT_CONVERSION = YES;
				GCC_WARN_ABOUT_RETURN_TYPE = YES_ERROR;
				GCC_WARN_UNDECLARED_SELECTOR = YES;
				GCC_WARN_UNINITIALIZED_AUTOS = YES_AGGRESSIVE;
				GCC_WARN_UNUSED_FUNCTION = YES;
				GCC_WARN_UNUSED_VARIABLE = YES;
				IPHONEOS_DEPLOYMENT_TARGET = 9.2;
				MTL_ENABLE_DEBUG_INFO = YES;
				ONLY_ACTIVE_ARCH = YES;
				SDKROOT = iphoneos;
				SWIFT_OPTIMIZATION_LEVEL = "-Onone";
				TARGETED_DEVICE_FAMILY = "1,2";
			};
			name = Debug;
		};
		33216C121C8361C300F249B1 /* Release */ = {
			isa = XCBuildConfiguration;
			buildSettings = {
				ALWAYS_SEARCH_USER_PATHS = NO;
				CLANG_CXX_LANGUAGE_STANDARD = "gnu++0x";
				CLANG_CXX_LIBRARY = "libc++";
				CLANG_ENABLE_MODULES = YES;
				CLANG_ENABLE_OBJC_ARC = YES;
				CLANG_WARN_BOOL_CONVERSION = YES;
				CLANG_WARN_CONSTANT_CONVERSION = YES;
				CLANG_WARN_DIRECT_OBJC_ISA_USAGE = YES_ERROR;
				CLANG_WARN_EMPTY_BODY = YES;
				CLANG_WARN_ENUM_CONVERSION = YES;
				CLANG_WARN_INT_CONVERSION = YES;
				CLANG_WARN_OBJC_ROOT_CLASS = YES_ERROR;
				CLANG_WARN_UNREACHABLE_CODE = YES;
				CLANG_WARN__DUPLICATE_METHOD_MATCH = YES;
				"CODE_SIGN_IDENTITY[sdk=iphoneos*]" = "iPhone Developer";
				COPY_PHASE_STRIP = NO;
				DEBUG_INFORMATION_FORMAT = "dwarf-with-dsym";
				ENABLE_NS_ASSERTIONS = NO;
				ENABLE_STRICT_OBJC_MSGSEND = YES;
				GCC_C_LANGUAGE_STANDARD = gnu99;
				GCC_NO_COMMON_BLOCKS = YES;
				GCC_WARN_64_TO_32_BIT_CONVERSION = YES;
				GCC_WARN_ABOUT_RETURN_TYPE = YES_ERROR;
				GCC_WARN_UNDECLARED_SELECTOR = YES;
				GCC_WARN_UNINITIALIZED_AUTOS = YES_AGGRESSIVE;
				GCC_WARN_UNUSED_FUNCTION = YES;
				GCC_WARN_UNUSED_VARIABLE = YES;
				IPHONEOS_DEPLOYMENT_TARGET = 9.2;
				MTL_ENABLE_DEBUG_INFO = NO;
				SDKROOT = iphoneos;
				TARGETED_DEVICE_FAMILY = "1,2";
				VALIDATE_PRODUCT = YES;
			};
			name = Release;
		};
		33216C141C8361C300F249B1 /* Debug */ = {
			isa = XCBuildConfiguration;
			buildSettings = {
				ASSETCATALOG_COMPILER_APPICON_NAME = AppIcon;
				CODE_SIGN_IDENTITY = "iPhone Developer";
				"CODE_SIGN_IDENTITY[sdk=iphoneos*]" = "iPhone Developer";
				FRAMEWORK_SEARCH_PATHS = (
					"$(inherited)",
					"$(PROJECT_DIR)/FacebookSDKs-iOS-20160316",
					"$(PROJECT_DIR)/FacebookSDKs-iOS-20163016",
				);
				INFOPLIST_FILE = SnapMap/Info.plist;
				LD_RUNPATH_SEARCH_PATHS = "$(inherited) @executable_path/Frameworks";
				PRODUCT_BUNDLE_IDENTIFIER = SnapMap;
				PRODUCT_NAME = "$(TARGET_NAME)";
				PROVISIONING_PROFILE = "";
				SWIFT_OBJC_BRIDGING_HEADER = "SnapMap/Bridging-header.h";
			};
			name = Debug;
		};
		33216C151C8361C300F249B1 /* Release */ = {
			isa = XCBuildConfiguration;
			buildSettings = {
				ASSETCATALOG_COMPILER_APPICON_NAME = AppIcon;
				CODE_SIGN_IDENTITY = "iPhone Developer";
				"CODE_SIGN_IDENTITY[sdk=iphoneos*]" = "iPhone Developer";
				FRAMEWORK_SEARCH_PATHS = (
					"$(inherited)",
					"$(PROJECT_DIR)/FacebookSDKs-iOS-20160316",
					"$(PROJECT_DIR)/FacebookSDKs-iOS-20163016",
				);
				INFOPLIST_FILE = SnapMap/Info.plist;
				LD_RUNPATH_SEARCH_PATHS = "$(inherited) @executable_path/Frameworks";
				PRODUCT_BUNDLE_IDENTIFIER = SnapMap;
				PRODUCT_NAME = "$(TARGET_NAME)";
				PROVISIONING_PROFILE = "";
				SWIFT_OBJC_BRIDGING_HEADER = "SnapMap/Bridging-header.h";
			};
			name = Release;
		};
/* End XCBuildConfiguration section */

/* Begin XCConfigurationList section */
		33216BF91C8361C300F249B1 /* Build configuration list for PBXProject "SnapMap" */ = {
			isa = XCConfigurationList;
			buildConfigurations = (
				33216C111C8361C300F249B1 /* Debug */,
				33216C121C8361C300F249B1 /* Release */,
			);
			defaultConfigurationIsVisible = 0;
			defaultConfigurationName = Release;
		};
		33216C131C8361C300F249B1 /* Build configuration list for PBXNativeTarget "SnapMap" */ = {
			isa = XCConfigurationList;
			buildConfigurations = (
				33216C141C8361C300F249B1 /* Debug */,
				33216C151C8361C300F249B1 /* Release */,
			);
			defaultConfigurationIsVisible = 0;
			defaultConfigurationName = Release;
		};
/* End XCConfigurationList section */

/* Begin XCVersionGroup section */
		33216C081C8361C300F249B1 /* SnapMap.xcdatamodeld */ = {
			isa = XCVersionGroup;
			children = (
				33216C091C8361C300F249B1 /* SnapMap.xcdatamodel */,
			);
			currentVersion = 33216C091C8361C300F249B1 /* SnapMap.xcdatamodel */;
			path = SnapMap.xcdatamodeld;
			sourceTree = "<group>";
			versionGroupType = wrapper.xcdatamodel;
		};
/* End XCVersionGroup section */
	};
	rootObject = 33216BF61C8361C300F249B1 /* Project object */;
}
